
Microsoft Visual Studio Solution File, Format Version 12.00
# Visual Studio Version 16
VisualStudioVersion = 16.0.31613.86
MinimumVisualStudioVersion = 10.0.40219.1
Project("{9A19103F-16F7-4668-BE54-9A1E7A4F7556}") = "WorkshopDownloader.UI", "WorkshopDownloader.UI\WorkshopDownloader.UI.csproj", "{EA0BA8A5-DF5D-441A-B363-3EF0261A299C}"
EndProject
Project("{FAE04EC0-301F-11D3-BF4B-00C04F79EFBC}") = "WorkshopDownloader.Core", "WorkshopDownloader.Core\WorkshopDownloader.Core.csproj", "{D5A11BAB-1733-4EF9-969E-6ACAE649C905}"
EndProject
Project("{9A19103F-16F7-4668-BE54-9A1E7A4F7556}") = "WorkshopDownloader.Tests", "WorkshopDownloader.Tests\WorkshopDownloader.Tests.csproj", "{9AE6F831-49C5-48C7-879F-A4819259D510}"
EndProject
Global
	GlobalSection(SolutionConfigurationPlatforms) = preSolution
		Debug|Any CPU = Debug|Any CPU
		Release|Any CPU = Release|Any CPU
	EndGlobalSection
	GlobalSection(ProjectConfigurationPlatforms) = postSolution
		{EA0BA8A5-DF5D-441A-B363-3EF0261A299C}.Debug|Any CPU.ActiveCfg = Debug|Any CPU
		{EA0BA8A5-DF5D-441A-B363-3EF0261A299C}.Debug|Any CPU.Build.0 = Debug|Any CPU
		{EA0BA8A5-DF5D-441A-B363-3EF0261A299C}.Release|Any CPU.ActiveCfg = Release|Any CPU
		{EA0BA8A5-DF5D-441A-B363-3EF0261A299C}.Release|Any CPU.Build.0 = Release|Any CPU
		{D5A11BAB-1733-4EF9-969E-6ACAE649C905}.Debug|Any CPU.ActiveCfg = Debug|Any CPU
		{D5A11BAB-1733-4EF9-969E-6ACAE649C905}.Debug|Any CPU.Build.0 = Debug|Any CPU
		{D5A11BAB-1733-4EF9-969E-6ACAE649C905}.Release|Any CPU.ActiveCfg = Release|Any CPU
		{D5A11BAB-1733-4EF9-969E-6ACAE649C905}.Release|Any CPU.Build.0 = Release|Any CPU
		{9AE6F831-49C5-48C7-879F-A4819259D510}.Debug|Any CPU.ActiveCfg = Debug|Any CPU
		{9AE6F831-49C5-48C7-879F-A4819259D510}.Debug|Any CPU.Build.0 = Debug|Any CPU
		{9AE6F831-49C5-48C7-879F-A4819259D510}.Release|Any CPU.ActiveCfg = Release|Any CPU
		{9AE6F831-49C5-48C7-879F-A4819259D510}.Release|Any CPU.Build.0 = Release|Any CPU
	EndGlobalSection
	GlobalSection(SolutionProperties) = preSolution
		HideSolutionNode = FALSE
	EndGlobalSection
	GlobalSection(ExtensibilityGlobals) = postSolution
		SolutionGuid = {E37C77B9-80EA-43D8-907D-57535187B636}
	EndGlobalSection
EndGlobal
